// !$*UTF8*$!
{
	archiveVersion = 1;
	classes = {
	};
	objectVersion = 50;
	objects = {

/* Begin PBXBuildFile section */
		0F9F4A2B8FBF30E6C7BE2AB7 /* Pods_hoursTests.framework in Frameworks */ = {isa = PBXBuildFile; fileRef = 3DFA0136DA29AA9019D1C6AA /* Pods_hoursTests.framework */; };
		8BAE71344E44EC19E0E20BA6 /* Pods_hours.framework in Frameworks */ = {isa = PBXBuildFile; fileRef = 7602295D716F3169DFB16CE2 /* Pods_hours.framework */; };
		CD10745369FA3A59AD0D3D3E /* Pods_hoursUITests.framework in Frameworks */ = {isa = PBXBuildFile; fileRef = 00266C0753B31CE5A5CEC0EE /* Pods_hoursUITests.framework */; };
		DB100F8B2147EE24008018EF /* Session+CoreDataProperties.swift in Sources */ = {isa = PBXBuildFile; fileRef = DB100F872147EE23008018EF /* Session+CoreDataProperties.swift */; };
		DB100F8C2147EE24008018EF /* Activity+CoreDataClass.swift in Sources */ = {isa = PBXBuildFile; fileRef = DB100F882147EE24008018EF /* Activity+CoreDataClass.swift */; };
		DB100F8D2147EE24008018EF /* Activity+CoreDataProperties.swift in Sources */ = {isa = PBXBuildFile; fileRef = DB100F892147EE24008018EF /* Activity+CoreDataProperties.swift */; };
		DB100F8E2147EE24008018EF /* Session+CoreDataClass.swift in Sources */ = {isa = PBXBuildFile; fileRef = DB100F8A2147EE24008018EF /* Session+CoreDataClass.swift */; };
		DB1285142143F51F00B902DF /* AppDelegate.swift in Sources */ = {isa = PBXBuildFile; fileRef = DB1285132143F51F00B902DF /* AppDelegate.swift */; };
		DB1285162143F51F00B902DF /* ViewController.swift in Sources */ = {isa = PBXBuildFile; fileRef = DB1285152143F51F00B902DF /* ViewController.swift */; };
		DB1285192143F51F00B902DF /* Main.storyboard in Resources */ = {isa = PBXBuildFile; fileRef = DB1285172143F51F00B902DF /* Main.storyboard */; };
		DB12851C2143F51F00B902DF /* hours.xcdatamodeld in Sources */ = {isa = PBXBuildFile; fileRef = DB12851A2143F51F00B902DF /* hours.xcdatamodeld */; };
		DB12851E2143F52100B902DF /* Assets.xcassets in Resources */ = {isa = PBXBuildFile; fileRef = DB12851D2143F52100B902DF /* Assets.xcassets */; };
		DB1285212143F52100B902DF /* LaunchScreen.storyboard in Resources */ = {isa = PBXBuildFile; fileRef = DB12851F2143F52100B902DF /* LaunchScreen.storyboard */; };
		DB12852C2143F52100B902DF /* hoursTests.swift in Sources */ = {isa = PBXBuildFile; fileRef = DB12852B2143F52100B902DF /* hoursTests.swift */; };
		DB1285372143F52100B902DF /* hoursUITests.swift in Sources */ = {isa = PBXBuildFile; fileRef = DB1285362143F52100B902DF /* hoursUITests.swift */; };
		DBB4B7112145623D00EAE809 /* unitTests.swift in Sources */ = {isa = PBXBuildFile; fileRef = DBB4B7102145623D00EAE809 /* unitTests.swift */; };
/* End PBXBuildFile section */

/* Begin PBXContainerItemProxy section */
		DB1285282143F52100B902DF /* PBXContainerItemProxy */ = {
			isa = PBXContainerItemProxy;
			containerPortal = DB1285082143F51F00B902DF /* Project object */;
			proxyType = 1;
			remoteGlobalIDString = DB12850F2143F51F00B902DF;
			remoteInfo = hours;
		};
		DB1285332143F52100B902DF /* PBXContainerItemProxy */ = {
			isa = PBXContainerItemProxy;
			containerPortal = DB1285082143F51F00B902DF /* Project object */;
			proxyType = 1;
			remoteGlobalIDString = DB12850F2143F51F00B902DF;
			remoteInfo = hours;
		};
/* End PBXContainerItemProxy section */

/* Begin PBXFileReference section */
		00266C0753B31CE5A5CEC0EE /* Pods_hoursUITests.framework */ = {isa = PBXFileReference; explicitFileType = wrapper.framework; includeInIndex = 0; path = Pods_hoursUITests.framework; sourceTree = BUILT_PRODUCTS_DIR; };
		17A1BDCAE082D3EFA6E55570 /* Pods-hoursUITests.release.xcconfig */ = {isa = PBXFileReference; includeInIndex = 1; lastKnownFileType = text.xcconfig; name = "Pods-hoursUITests.release.xcconfig"; path = "Pods/Target Support Files/Pods-hoursUITests/Pods-hoursUITests.release.xcconfig"; sourceTree = "<group>"; };
		3D20964D4A4F7794442FF89B /* Pods-hoursTests.release.xcconfig */ = {isa = PBXFileReference; includeInIndex = 1; lastKnownFileType = text.xcconfig; name = "Pods-hoursTests.release.xcconfig"; path = "Pods/Target Support Files/Pods-hoursTests/Pods-hoursTests.release.xcconfig"; sourceTree = "<group>"; };
		3DB8D1759BBEADCCE32E3369 /* Pods-hours.debug.xcconfig */ = {isa = PBXFileReference; includeInIndex = 1; lastKnownFileType = text.xcconfig; name = "Pods-hours.debug.xcconfig"; path = "Pods/Target Support Files/Pods-hours/Pods-hours.debug.xcconfig"; sourceTree = "<group>"; };
		3DFA0136DA29AA9019D1C6AA /* Pods_hoursTests.framework */ = {isa = PBXFileReference; explicitFileType = wrapper.framework; includeInIndex = 0; path = Pods_hoursTests.framework; sourceTree = BUILT_PRODUCTS_DIR; };
		4E41E7B36009E03A691CDB68 /* Pods-hours.release.xcconfig */ = {isa = PBXFileReference; includeInIndex = 1; lastKnownFileType = text.xcconfig; name = "Pods-hours.release.xcconfig"; path = "Pods/Target Support Files/Pods-hours/Pods-hours.release.xcconfig"; sourceTree = "<group>"; };
		7602295D716F3169DFB16CE2 /* Pods_hours.framework */ = {isa = PBXFileReference; explicitFileType = wrapper.framework; includeInIndex = 0; path = Pods_hours.framework; sourceTree = BUILT_PRODUCTS_DIR; };
		B61F970B595F41BE742A8A10 /* Pods-hoursUITests.debug.xcconfig */ = {isa = PBXFileReference; includeInIndex = 1; lastKnownFileType = text.xcconfig; name = "Pods-hoursUITests.debug.xcconfig"; path = "Pods/Target Support Files/Pods-hoursUITests/Pods-hoursUITests.debug.xcconfig"; sourceTree = "<group>"; };
		C17236E1A43C4F3ABEA78F42 /* Pods-hoursTests.debug.xcconfig */ = {isa = PBXFileReference; includeInIndex = 1; lastKnownFileType = text.xcconfig; name = "Pods-hoursTests.debug.xcconfig"; path = "Pods/Target Support Files/Pods-hoursTests/Pods-hoursTests.debug.xcconfig"; sourceTree = "<group>"; };
		DB100F872147EE23008018EF /* Session+CoreDataProperties.swift */ = {isa = PBXFileReference; fileEncoding = 4; lastKnownFileType = sourcecode.swift; path = "Session+CoreDataProperties.swift"; sourceTree = "<group>"; };
		DB100F882147EE24008018EF /* Activity+CoreDataClass.swift */ = {isa = PBXFileReference; fileEncoding = 4; lastKnownFileType = sourcecode.swift; path = "Activity+CoreDataClass.swift"; sourceTree = "<group>"; };
		DB100F892147EE24008018EF /* Activity+CoreDataProperties.swift */ = {isa = PBXFileReference; fileEncoding = 4; lastKnownFileType = sourcecode.swift; path = "Activity+CoreDataProperties.swift"; sourceTree = "<group>"; };
		DB100F8A2147EE24008018EF /* Session+CoreDataClass.swift */ = {isa = PBXFileReference; fileEncoding = 4; lastKnownFileType = sourcecode.swift; path = "Session+CoreDataClass.swift"; sourceTree = "<group>"; };
		DB1285102143F51F00B902DF /* hours.app */ = {isa = PBXFileReference; explicitFileType = wrapper.application; includeInIndex = 0; path = hours.app; sourceTree = BUILT_PRODUCTS_DIR; };
		DB1285132143F51F00B902DF /* AppDelegate.swift */ = {isa = PBXFileReference; lastKnownFileType = sourcecode.swift; path = AppDelegate.swift; sourceTree = "<group>"; };
		DB1285152143F51F00B902DF /* ViewController.swift */ = {isa = PBXFileReference; lastKnownFileType = sourcecode.swift; path = ViewController.swift; sourceTree = "<group>"; };
		DB1285182143F51F00B902DF /* Base */ = {isa = PBXFileReference; lastKnownFileType = file.storyboard; name = Base; path = Base.lproj/Main.storyboard; sourceTree = "<group>"; };
		DB12851B2143F51F00B902DF /* hours.xcdatamodel */ = {isa = PBXFileReference; lastKnownFileType = wrapper.xcdatamodel; path = hours.xcdatamodel; sourceTree = "<group>"; };
		DB12851D2143F52100B902DF /* Assets.xcassets */ = {isa = PBXFileReference; lastKnownFileType = folder.assetcatalog; path = Assets.xcassets; sourceTree = "<group>"; };
		DB1285202143F52100B902DF /* Base */ = {isa = PBXFileReference; lastKnownFileType = file.storyboard; name = Base; path = Base.lproj/LaunchScreen.storyboard; sourceTree = "<group>"; };
		DB1285222143F52100B902DF /* Info.plist */ = {isa = PBXFileReference; lastKnownFileType = text.plist.xml; path = Info.plist; sourceTree = "<group>"; };
		DB1285272143F52100B902DF /* hoursTests.xctest */ = {isa = PBXFileReference; explicitFileType = wrapper.cfbundle; includeInIndex = 0; path = hoursTests.xctest; sourceTree = BUILT_PRODUCTS_DIR; };
		DB12852B2143F52100B902DF /* hoursTests.swift */ = {isa = PBXFileReference; lastKnownFileType = sourcecode.swift; path = hoursTests.swift; sourceTree = "<group>"; };
		DB12852D2143F52100B902DF /* Info.plist */ = {isa = PBXFileReference; lastKnownFileType = text.plist.xml; path = Info.plist; sourceTree = "<group>"; };
		DB1285322143F52100B902DF /* hoursUITests.xctest */ = {isa = PBXFileReference; explicitFileType = wrapper.cfbundle; includeInIndex = 0; path = hoursUITests.xctest; sourceTree = BUILT_PRODUCTS_DIR; };
		DB1285362143F52100B902DF /* hoursUITests.swift */ = {isa = PBXFileReference; lastKnownFileType = sourcecode.swift; path = hoursUITests.swift; sourceTree = "<group>"; };
		DB1285382143F52100B902DF /* Info.plist */ = {isa = PBXFileReference; lastKnownFileType = text.plist.xml; path = Info.plist; sourceTree = "<group>"; };
		DBB4B7102145623D00EAE809 /* unitTests.swift */ = {isa = PBXFileReference; lastKnownFileType = sourcecode.swift; path = unitTests.swift; sourceTree = "<group>"; };
/* End PBXFileReference section */

/* Begin PBXFrameworksBuildPhase section */
		DB12850D2143F51F00B902DF /* Frameworks */ = {
			isa = PBXFrameworksBuildPhase;
			buildActionMask = 2147483647;
			files = (
				8BAE71344E44EC19E0E20BA6 /* Pods_hours.framework in Frameworks */,
			);
			runOnlyForDeploymentPostprocessing = 0;
		};
		DB1285242143F52100B902DF /* Frameworks */ = {
			isa = PBXFrameworksBuildPhase;
			buildActionMask = 2147483647;
			files = (
				0F9F4A2B8FBF30E6C7BE2AB7 /* Pods_hoursTests.framework in Frameworks */,
			);
			runOnlyForDeploymentPostprocessing = 0;
		};
		DB12852F2143F52100B902DF /* Frameworks */ = {
			isa = PBXFrameworksBuildPhase;
			buildActionMask = 2147483647;
			files = (
				CD10745369FA3A59AD0D3D3E /* Pods_hoursUITests.framework in Frameworks */,
			);
			runOnlyForDeploymentPostprocessing = 0;
		};
/* End PBXFrameworksBuildPhase section */

/* Begin PBXGroup section */
		C6829C2445250F1FB59316CC /* Frameworks */ = {
			isa = PBXGroup;
			children = (
				7602295D716F3169DFB16CE2 /* Pods_hours.framework */,
				3DFA0136DA29AA9019D1C6AA /* Pods_hoursTests.framework */,
				00266C0753B31CE5A5CEC0EE /* Pods_hoursUITests.framework */,
			);
			name = Frameworks;
			sourceTree = "<group>";
		};
		DB1285072143F51F00B902DF = {
			isa = PBXGroup;
			children = (
				DB1285122143F51F00B902DF /* hours */,
				DB12852A2143F52100B902DF /* hoursTests */,
				DB1285352143F52100B902DF /* hoursUITests */,
				DB1285112143F51F00B902DF /* Products */,
				FAE01F254F36E74365A23C6B /* Pods */,
				C6829C2445250F1FB59316CC /* Frameworks */,
			);
			sourceTree = "<group>";
		};
		DB1285112143F51F00B902DF /* Products */ = {
			isa = PBXGroup;
			children = (
				DB1285102143F51F00B902DF /* hours.app */,
				DB1285272143F52100B902DF /* hoursTests.xctest */,
				DB1285322143F52100B902DF /* hoursUITests.xctest */,
			);
			name = Products;
			sourceTree = "<group>";
		};
		DB1285122143F51F00B902DF /* hours */ = {
			isa = PBXGroup;
			children = (
				DB1285642143F8CC00B902DF /* Core Data */,
				DB1285132143F51F00B902DF /* AppDelegate.swift */,
				DB1285152143F51F00B902DF /* ViewController.swift */,
				DB1285172143F51F00B902DF /* Main.storyboard */,
				DB12851D2143F52100B902DF /* Assets.xcassets */,
				DB12851F2143F52100B902DF /* LaunchScreen.storyboard */,
				DB1285222143F52100B902DF /* Info.plist */,
				DB12851A2143F51F00B902DF /* hours.xcdatamodeld */,
			);
			path = hours;
			sourceTree = "<group>";
		};
		DB12852A2143F52100B902DF /* hoursTests */ = {
			isa = PBXGroup;
			children = (
				DB12852B2143F52100B902DF /* hoursTests.swift */,
				DBB4B7102145623D00EAE809 /* unitTests.swift */,
				DB12852D2143F52100B902DF /* Info.plist */,
			);
			path = hoursTests;
			sourceTree = "<group>";
		};
		DB1285352143F52100B902DF /* hoursUITests */ = {
			isa = PBXGroup;
			children = (
				DB1285362143F52100B902DF /* hoursUITests.swift */,
				DB1285382143F52100B902DF /* Info.plist */,
			);
			path = hoursUITests;
			sourceTree = "<group>";
		};
		DB1285642143F8CC00B902DF /* Core Data */ = {
			isa = PBXGroup;
			children = (
				DB100F8A2147EE24008018EF /* Session+CoreDataClass.swift */,
				DB100F872147EE23008018EF /* Session+CoreDataProperties.swift */,
				DB100F882147EE24008018EF /* Activity+CoreDataClass.swift */,
				DB100F892147EE24008018EF /* Activity+CoreDataProperties.swift */,
			);
			path = "Core Data";
			sourceTree = "<group>";
		};
		FAE01F254F36E74365A23C6B /* Pods */ = {
			isa = PBXGroup;
			children = (
				3DB8D1759BBEADCCE32E3369 /* Pods-hours.debug.xcconfig */,
				4E41E7B36009E03A691CDB68 /* Pods-hours.release.xcconfig */,
				C17236E1A43C4F3ABEA78F42 /* Pods-hoursTests.debug.xcconfig */,
				3D20964D4A4F7794442FF89B /* Pods-hoursTests.release.xcconfig */,
				B61F970B595F41BE742A8A10 /* Pods-hoursUITests.debug.xcconfig */,
				17A1BDCAE082D3EFA6E55570 /* Pods-hoursUITests.release.xcconfig */,
			);
			name = Pods;
			sourceTree = "<group>";
		};
/* End PBXGroup section */

/* Begin PBXNativeTarget section */
		DB12850F2143F51F00B902DF /* hours */ = {
			isa = PBXNativeTarget;
			buildConfigurationList = DB12853B2143F52100B902DF /* Build configuration list for PBXNativeTarget "hours" */;
			buildPhases = (
				95C669EC721506B813682477 /* [CP] Check Pods Manifest.lock */,
				DB12850C2143F51F00B902DF /* Sources */,
				DB12850D2143F51F00B902DF /* Frameworks */,
				DB12850E2143F51F00B902DF /* Resources */,
			);
			buildRules = (
			);
			dependencies = (
			);
			name = hours;
			productName = hours;
			productReference = DB1285102143F51F00B902DF /* hours.app */;
			productType = "com.apple.product-type.application";
		};
		DB1285262143F52100B902DF /* hoursTests */ = {
			isa = PBXNativeTarget;
			buildConfigurationList = DB12853E2143F52100B902DF /* Build configuration list for PBXNativeTarget "hoursTests" */;
			buildPhases = (
				D87D6BDEEF7CDB1C6BD8488E /* [CP] Check Pods Manifest.lock */,
				DB1285232143F52100B902DF /* Sources */,
				DB1285242143F52100B902DF /* Frameworks */,
				DB1285252143F52100B902DF /* Resources */,
				65FBF1AEAAD764C41EFB2008 /* [CP] Embed Pods Frameworks */,
			);
			buildRules = (
			);
			dependencies = (
				DB1285292143F52100B902DF /* PBXTargetDependency */,
			);
			name = hoursTests;
			productName = hoursTests;
			productReference = DB1285272143F52100B902DF /* hoursTests.xctest */;
			productType = "com.apple.product-type.bundle.unit-test";
		};
		DB1285312143F52100B902DF /* hoursUITests */ = {
			isa = PBXNativeTarget;
			buildConfigurationList = DB1285412143F52100B902DF /* Build configuration list for PBXNativeTarget "hoursUITests" */;
			buildPhases = (
				202427E7EB274471583B22B1 /* [CP] Check Pods Manifest.lock */,
				DB12852E2143F52100B902DF /* Sources */,
				DB12852F2143F52100B902DF /* Frameworks */,
				DB1285302143F52100B902DF /* Resources */,
			);
			buildRules = (
			);
			dependencies = (
				DB1285342143F52100B902DF /* PBXTargetDependency */,
			);
			name = hoursUITests;
			productName = hoursUITests;
			productReference = DB1285322143F52100B902DF /* hoursUITests.xctest */;
			productType = "com.apple.product-type.bundle.ui-testing";
		};
/* End PBXNativeTarget section */

/* Begin PBXProject section */
		DB1285082143F51F00B902DF /* Project object */ = {
			isa = PBXProject;
			attributes = {
				LastSwiftUpdateCheck = 0940;
				LastUpgradeCheck = 0940;
				ORGANIZATIONNAME = "Mason Macias";
				TargetAttributes = {
					DB12850F2143F51F00B902DF = {
						CreatedOnToolsVersion = 9.4.1;
					};
					DB1285262143F52100B902DF = {
						CreatedOnToolsVersion = 9.4.1;
						TestTargetID = DB12850F2143F51F00B902DF;
					};
					DB1285312143F52100B902DF = {
						CreatedOnToolsVersion = 9.4.1;
						TestTargetID = DB12850F2143F51F00B902DF;
					};
				};
			};
			buildConfigurationList = DB12850B2143F51F00B902DF /* Build configuration list for PBXProject "hours" */;
			compatibilityVersion = "Xcode 9.3";
			developmentRegion = en;
			hasScannedForEncodings = 0;
			knownRegions = (
				en,
				Base,
			);
			mainGroup = DB1285072143F51F00B902DF;
			productRefGroup = DB1285112143F51F00B902DF /* Products */;
			projectDirPath = "";
			projectRoot = "";
			targets = (
				DB12850F2143F51F00B902DF /* hours */,
				DB1285262143F52100B902DF /* hoursTests */,
				DB1285312143F52100B902DF /* hoursUITests */,
			);
		};
/* End PBXProject section */

/* Begin PBXResourcesBuildPhase section */
		DB12850E2143F51F00B902DF /* Resources */ = {
			isa = PBXResourcesBuildPhase;
			buildActionMask = 2147483647;
			files = (
				DB1285212143F52100B902DF /* LaunchScreen.storyboard in Resources */,
				DB12851E2143F52100B902DF /* Assets.xcassets in Resources */,
				DB1285192143F51F00B902DF /* Main.storyboard in Resources */,
			);
			runOnlyForDeploymentPostprocessing = 0;
		};
		DB1285252143F52100B902DF /* Resources */ = {
			isa = PBXResourcesBuildPhase;
			buildActionMask = 2147483647;
			files = (
			);
			runOnlyForDeploymentPostprocessing = 0;
		};
		DB1285302143F52100B902DF /* Resources */ = {
			isa = PBXResourcesBuildPhase;
			buildActionMask = 2147483647;
			files = (
			);
			runOnlyForDeploymentPostprocessing = 0;
		};
/* End PBXResourcesBuildPhase section */

/* Begin PBXShellScriptBuildPhase section */
		202427E7EB274471583B22B1 /* [CP] Check Pods Manifest.lock */ = {
			isa = PBXShellScriptBuildPhase;
			buildActionMask = 2147483647;
			files = (
			);
			inputPaths = (
				"${PODS_PODFILE_DIR_PATH}/Podfile.lock",
				"${PODS_ROOT}/Manifest.lock",
			);
			name = "[CP] Check Pods Manifest.lock";
			outputPaths = (
				"$(DERIVED_FILE_DIR)/Pods-hoursUITests-checkManifestLockResult.txt",
			);
			runOnlyForDeploymentPostprocessing = 0;
			shellPath = /bin/sh;
			shellScript = "diff \"${PODS_PODFILE_DIR_PATH}/Podfile.lock\" \"${PODS_ROOT}/Manifest.lock\" > /dev/null\nif [ $? != 0 ] ; then\n    # print error to STDERR\n    echo \"error: The sandbox is not in sync with the Podfile.lock. Run 'pod install' or update your CocoaPods installation.\" >&2\n    exit 1\nfi\n# This output is used by Xcode 'outputs' to avoid re-running this script phase.\necho \"SUCCESS\" > \"${SCRIPT_OUTPUT_FILE_0}\"\n";
			showEnvVarsInLog = 0;
		};
		65FBF1AEAAD764C41EFB2008 /* [CP] Embed Pods Frameworks */ = {
			isa = PBXShellScriptBuildPhase;
			buildActionMask = 2147483647;
			files = (
			);
			inputPaths = (
				"${SRCROOT}/Pods/Target Support Files/Pods-hoursTests/Pods-hoursTests-frameworks.sh",
				"${BUILT_PRODUCTS_DIR}/Nimble/Nimble.framework",
				"${BUILT_PRODUCTS_DIR}/Quick/Quick.framework",
			);
			name = "[CP] Embed Pods Frameworks";
			outputPaths = (
				"${TARGET_BUILD_DIR}/${FRAMEWORKS_FOLDER_PATH}/Nimble.framework",
				"${TARGET_BUILD_DIR}/${FRAMEWORKS_FOLDER_PATH}/Quick.framework",
			);
			runOnlyForDeploymentPostprocessing = 0;
			shellPath = /bin/sh;
			shellScript = "\"${SRCROOT}/Pods/Target Support Files/Pods-hoursTests/Pods-hoursTests-frameworks.sh\"\n";
			showEnvVarsInLog = 0;
		};
		95C669EC721506B813682477 /* [CP] Check Pods Manifest.lock */ = {
			isa = PBXShellScriptBuildPhase;
			buildActionMask = 2147483647;
			files = (
			);
			inputPaths = (
				"${PODS_PODFILE_DIR_PATH}/Podfile.lock",
				"${PODS_ROOT}/Manifest.lock",
			);
			name = "[CP] Check Pods Manifest.lock";
			outputPaths = (
				"$(DERIVED_FILE_DIR)/Pods-hours-checkManifestLockResult.txt",
			);
			runOnlyForDeploymentPostprocessing = 0;
			shellPath = /bin/sh;
			shellScript = "diff \"${PODS_PODFILE_DIR_PATH}/Podfile.lock\" \"${PODS_ROOT}/Manifest.lock\" > /dev/null\nif [ $? != 0 ] ; then\n    # print error to STDERR\n    echo \"error: The sandbox is not in sync with the Podfile.lock. Run 'pod install' or update your CocoaPods installation.\" >&2\n    exit 1\nfi\n# This output is used by Xcode 'outputs' to avoid re-running this script phase.\necho \"SUCCESS\" > \"${SCRIPT_OUTPUT_FILE_0}\"\n";
			showEnvVarsInLog = 0;
		};
		D87D6BDEEF7CDB1C6BD8488E /* [CP] Check Pods Manifest.lock */ = {
			isa = PBXShellScriptBuildPhase;
			buildActionMask = 2147483647;
			files = (
			);
			inputPaths = (
				"${PODS_PODFILE_DIR_PATH}/Podfile.lock",
				"${PODS_ROOT}/Manifest.lock",
			);
			name = "[CP] Check Pods Manifest.lock";
			outputPaths = (
				"$(DERIVED_FILE_DIR)/Pods-hoursTests-checkManifestLockResult.txt",
			);
			runOnlyForDeploymentPostprocessing = 0;
			shellPath = /bin/sh;
			shellScript = "diff \"${PODS_PODFILE_DIR_PATH}/Podfile.lock\" \"${PODS_ROOT}/Manifest.lock\" > /dev/null\nif [ $? != 0 ] ; then\n    # print error to STDERR\n    echo \"error: The sandbox is not in sync with the Podfile.lock. Run 'pod install' or update your CocoaPods installation.\" >&2\n    exit 1\nfi\n# This output is used by Xcode 'outputs' to avoid re-running this script phase.\necho \"SUCCESS\" > \"${SCRIPT_OUTPUT_FILE_0}\"\n";
			showEnvVarsInLog = 0;
		};
/* End PBXShellScriptBuildPhase section */

/* Begin PBXSourcesBuildPhase section */
		DB12850C2143F51F00B902DF /* Sources */ = {
			isa = PBXSourcesBuildPhase;
			buildActionMask = 2147483647;
			files = (
				DB100F8B2147EE24008018EF /* Session+CoreDataProperties.swift in Sources */,
				DB100F8C2147EE24008018EF /* Activity+CoreDataClass.swift in Sources */,
				DB100F8D2147EE24008018EF /* Activity+CoreDataProperties.swift in Sources */,
				DB12851C2143F51F00B902DF /* hours.xcdatamodeld in Sources */,
				DB1285162143F51F00B902DF /* ViewController.swift in Sources */,
				DB100F8E2147EE24008018EF /* Session+CoreDataClass.swift in Sources */,
				DB1285142143F51F00B902DF /* AppDelegate.swift in Sources */,
			);
			runOnlyForDeploymentPostprocessing = 0;
		};
		DB1285232143F52100B902DF /* Sources */ = {
			isa = PBXSourcesBuildPhase;
			buildActionMask = 2147483647;
			files = (
				DB12852C2143F52100B902DF /* hoursTests.swift in Sources */,
				DBB4B7112145623D00EAE809 /* unitTests.swift in Sources */,
			);
			runOnlyForDeploymentPostprocessing = 0;
		};
		DB12852E2143F52100B902DF /* Sources */ = {
			isa = PBXSourcesBuildPhase;
			buildActionMask = 2147483647;
			files = (
				DB1285372143F52100B902DF /* hoursUITests.swift in Sources */,
			);
			runOnlyForDeploymentPostprocessing = 0;
		};
/* End PBXSourcesBuildPhase section */

/* Begin PBXTargetDependency section */
		DB1285292143F52100B902DF /* PBXTargetDependency */ = {
			isa = PBXTargetDependency;
			target = DB12850F2143F51F00B902DF /* hours */;
			targetProxy = DB1285282143F52100B902DF /* PBXContainerItemProxy */;
		};
		DB1285342143F52100B902DF /* PBXTargetDependency */ = {
			isa = PBXTargetDependency;
			target = DB12850F2143F51F00B902DF /* hours */;
			targetProxy = DB1285332143F52100B902DF /* PBXContainerItemProxy */;
		};
/* End PBXTargetDependency section */

/* Begin PBXVariantGroup section */
		DB1285172143F51F00B902DF /* Main.storyboard */ = {
			isa = PBXVariantGroup;
			children = (
				DB1285182143F51F00B902DF /* Base */,
			);
			name = Main.storyboard;
			sourceTree = "<group>";
		};
		DB12851F2143F52100B902DF /* LaunchScreen.storyboard */ = {
			isa = PBXVariantGroup;
			children = (
				DB1285202143F52100B902DF /* Base */,
			);
			name = LaunchScreen.storyboard;
			sourceTree = "<group>";
		};
/* End PBXVariantGroup section */

/* Begin XCBuildConfiguration section */
		DB1285392143F52100B902DF /* Debug */ = {
			isa = XCBuildConfiguration;
			buildSettings = {
				ALWAYS_SEARCH_USER_PATHS = NO;
				CLANG_ANALYZER_NONNULL = YES;
				CLANG_ANALYZER_NUMBER_OBJECT_CONVERSION = YES_AGGRESSIVE;
				CLANG_CXX_LANGUAGE_STANDARD = "gnu++14";
				CLANG_CXX_LIBRARY = "libc++";
				CLANG_ENABLE_MODULES = YES;
				CLANG_ENABLE_OBJC_ARC = YES;
				CLANG_ENABLE_OBJC_WEAK = YES;
				CLANG_WARN_BLOCK_CAPTURE_AUTORELEASING = YES;
				CLANG_WARN_BOOL_CONVERSION = YES;
				CLANG_WARN_COMMA = YES;
				CLANG_WARN_CONSTANT_CONVERSION = YES;
				CLANG_WARN_DEPRECATED_OBJC_IMPLEMENTATIONS = YES;
				CLANG_WARN_DIRECT_OBJC_ISA_USAGE = YES_ERROR;
				CLANG_WARN_DOCUMENTATION_COMMENTS = YES;
				CLANG_WARN_EMPTY_BODY = YES;
				CLANG_WARN_ENUM_CONVERSION = YES;
				CLANG_WARN_INFINITE_RECURSION = YES;
				CLANG_WARN_INT_CONVERSION = YES;
				CLANG_WARN_NON_LITERAL_NULL_CONVERSION = YES;
				CLANG_WARN_OBJC_IMPLICIT_RETAIN_SELF = YES;
				CLANG_WARN_OBJC_LITERAL_CONVERSION = YES;
				CLANG_WARN_OBJC_ROOT_CLASS = YES_ERROR;
				CLANG_WARN_RANGE_LOOP_ANALYSIS = YES;
				CLANG_WARN_STRICT_PROTOTYPES = YES;
				CLANG_WARN_SUSPICIOUS_MOVE = YES;
				CLANG_WARN_UNGUARDED_AVAILABILITY = YES_AGGRESSIVE;
				CLANG_WARN_UNREACHABLE_CODE = YES;
				CLANG_WARN__DUPLICATE_METHOD_MATCH = YES;
				CODE_SIGN_IDENTITY = "iPhone Developer";
				COPY_PHASE_STRIP = NO;
				DEBUG_INFORMATION_FORMAT = dwarf;
				ENABLE_STRICT_OBJC_MSGSEND = YES;
				ENABLE_TESTABILITY = YES;
				GCC_C_LANGUAGE_STANDARD = gnu11;
				GCC_DYNAMIC_NO_PIC = NO;
				GCC_NO_COMMON_BLOCKS = YES;
				GCC_OPTIMIZATION_LEVEL = 0;
				GCC_PREPROCESSOR_DEFINITIONS = (
					"DEBUG=1",
					"$(inherited)",
				);
				GCC_WARN_64_TO_32_BIT_CONVERSION = YES;
				GCC_WARN_ABOUT_RETURN_TYPE = YES_ERROR;
				GCC_WARN_UNDECLARED_SELECTOR = YES;
				GCC_WARN_UNINITIALIZED_AUTOS = YES_AGGRESSIVE;
				GCC_WARN_UNUSED_FUNCTION = YES;
				GCC_WARN_UNUSED_VARIABLE = YES;
				IPHONEOS_DEPLOYMENT_TARGET = 11.4;
				MTL_ENABLE_DEBUG_INFO = YES;
				ONLY_ACTIVE_ARCH = YES;
				SDKROOT = iphoneos;
				SWIFT_ACTIVE_COMPILATION_CONDITIONS = DEBUG;
				SWIFT_OPTIMIZATION_LEVEL = "-Onone";
			};
			name = Debug;
		};
		DB12853A2143F52100B902DF /* Release */ = {
			isa = XCBuildConfiguration;
			buildSettings = {
				ALWAYS_SEARCH_USER_PATHS = NO;
				CLANG_ANALYZER_NONNULL = YES;
				CLANG_ANALYZER_NUMBER_OBJECT_CONVERSION = YES_AGGRESSIVE;
				CLANG_CXX_LANGUAGE_STANDARD = "gnu++14";
				CLANG_CXX_LIBRARY = "libc++";
				CLANG_ENABLE_MODULES = YES;
				CLANG_ENABLE_OBJC_ARC = YES;
				CLANG_ENABLE_OBJC_WEAK = YES;
				CLANG_WARN_BLOCK_CAPTURE_AUTORELEASING = YES;
				CLANG_WARN_BOOL_CONVERSION = YES;
				CLANG_WARN_COMMA = YES;
				CLANG_WARN_CONSTANT_CONVERSION = YES;
				CLANG_WARN_DEPRECATED_OBJC_IMPLEMENTATIONS = YES;
				CLANG_WARN_DIRECT_OBJC_ISA_USAGE = YES_ERROR;
				CLANG_WARN_DOCUMENTATION_COMMENTS = YES;
				CLANG_WARN_EMPTY_BODY = YES;
				CLANG_WARN_ENUM_CONVERSION = YES;
				CLANG_WARN_INFINITE_RECURSION = YES;
				CLANG_WARN_INT_CONVERSION = YES;
				CLANG_WARN_NON_LITERAL_NULL_CONVERSION = YES;
				CLANG_WARN_OBJC_IMPLICIT_RETAIN_SELF = YES;
				CLANG_WARN_OBJC_LITERAL_CONVERSION = YES;
				CLANG_WARN_OBJC_ROOT_CLASS = YES_ERROR;
				CLANG_WARN_RANGE_LOOP_ANALYSIS = YES;
				CLANG_WARN_STRICT_PROTOTYPES = YES;
				CLANG_WARN_SUSPICIOUS_MOVE = YES;
				CLANG_WARN_UNGUARDED_AVAILABILITY = YES_AGGRESSIVE;
				CLANG_WARN_UNREACHABLE_CODE = YES;
				CLANG_WARN__DUPLICATE_METHOD_MATCH = YES;
				CODE_SIGN_IDENTITY = "iPhone Developer";
				COPY_PHASE_STRIP = NO;
				DEBUG_INFORMATION_FORMAT = "dwarf-with-dsym";
				ENABLE_NS_ASSERTIONS = NO;
				ENABLE_STRICT_OBJC_MSGSEND = YES;
				GCC_C_LANGUAGE_STANDARD = gnu11;
				GCC_NO_COMMON_BLOCKS = YES;
				GCC_WARN_64_TO_32_BIT_CONVERSION = YES;
				GCC_WARN_ABOUT_RETURN_TYPE = YES_ERROR;
				GCC_WARN_UNDECLARED_SELECTOR = YES;
				GCC_WARN_UNINITIALIZED_AUTOS = YES_AGGRESSIVE;
				GCC_WARN_UNUSED_FUNCTION = YES;
				GCC_WARN_UNUSED_VARIABLE = YES;
				IPHONEOS_DEPLOYMENT_TARGET = 11.4;
				MTL_ENABLE_DEBUG_INFO = NO;
				SDKROOT = iphoneos;
				SWIFT_COMPILATION_MODE = wholemodule;
				SWIFT_OPTIMIZATION_LEVEL = "-O";
				VALIDATE_PRODUCT = YES;
			};
			name = Release;
		};
		DB12853C2143F52100B902DF /* Debug */ = {
			isa = XCBuildConfiguration;
			baseConfigurationReference = 3DB8D1759BBEADCCE32E3369 /* Pods-hours.debug.xcconfig */;
			buildSettings = {
				ASSETCATALOG_COMPILER_APPICON_NAME = AppIcon;
				CODE_SIGN_STYLE = Automatic;
				DEFINES_MODULE = YES;
				DEVELOPMENT_TEAM = JA52596255;
				INFOPLIST_FILE = hours/Info.plist;
				LD_RUNPATH_SEARCH_PATHS = (
					"$(inherited)",
					"@executable_path/Frameworks",
				);
				PRODUCT_BUNDLE_IDENTIFIER = com.masonmacias.hours;
				PRODUCT_NAME = "$(TARGET_NAME)";
				SWIFT_VERSION = 4.0;
				TARGETED_DEVICE_FAMILY = "1,2";
			};
			name = Debug;
		};
		DB12853D2143F52100B902DF /* Release */ = {
			isa = XCBuildConfiguration;
			baseConfigurationReference = 4E41E7B36009E03A691CDB68 /* Pods-hours.release.xcconfig */;
			buildSettings = {
				ASSETCATALOG_COMPILER_APPICON_NAME = AppIcon;
				CODE_SIGN_STYLE = Automatic;
				DEFINES_MODULE = YES;
				DEVELOPMENT_TEAM = JA52596255;
				INFOPLIST_FILE = hours/Info.plist;
				LD_RUNPATH_SEARCH_PATHS = (
					"$(inherited)",
					"@executable_path/Frameworks",
				);
				PRODUCT_BUNDLE_IDENTIFIER = com.masonmacias.hours;
				PRODUCT_NAME = "$(TARGET_NAME)";
				SWIFT_VERSION = 4.0;
				TARGETED_DEVICE_FAMILY = "1,2";
			};
			name = Release;
		};
		DB12853F2143F52100B902DF /* Debug */ = {
			isa = XCBuildConfiguration;
			baseConfigurationReference = C17236E1A43C4F3ABEA78F42 /* Pods-hoursTests.debug.xcconfig */;
			buildSettings = {
				ALWAYS_EMBED_SWIFT_STANDARD_LIBRARIES = YES;
				BUNDLE_LOADER = "$(TEST_HOST)";
				CODE_SIGN_STYLE = Automatic;
				DEVELOPMENT_TEAM = JA52596255;
				INFOPLIST_FILE = hoursTests/Info.plist;
				LD_RUNPATH_SEARCH_PATHS = (
					"$(inherited)",
					"@executable_path/Frameworks",
					"@loader_path/Frameworks",
				);
				PRODUCT_BUNDLE_IDENTIFIER = com.masonmacias.hoursTests;
				PRODUCT_NAME = "$(TARGET_NAME)";
				SWIFT_VERSION = 4.0;
				TARGETED_DEVICE_FAMILY = "1,2";
				TEST_HOST = "$(BUILT_PRODUCTS_DIR)/hours.app/hours";
			};
			name = Debug;
		};
		DB1285402143F52100B902DF /* Release */ = {
			isa = XCBuildConfiguration;
			baseConfigurationReference = 3D20964D4A4F7794442FF89B /* Pods-hoursTests.release.xcconfig */;
			buildSettings = {
				ALWAYS_EMBED_SWIFT_STANDARD_LIBRARIES = YES;
				BUNDLE_LOADER = "$(TEST_HOST)";
				CODE_SIGN_STYLE = Automatic;
				DEVELOPMENT_TEAM = JA52596255;
				INFOPLIST_FILE = hoursTests/Info.plist;
				LD_RUNPATH_SEARCH_PATHS = (
					"$(inherited)",
					"@executable_path/Frameworks",
					"@loader_path/Frameworks",
				);
				PRODUCT_BUNDLE_IDENTIFIER = com.masonmacias.hoursTests;
				PRODUCT_NAME = "$(TARGET_NAME)";
				SWIFT_VERSION = 4.0;
				TARGETED_DEVICE_FAMILY = "1,2";
				TEST_HOST = "$(BUILT_PRODUCTS_DIR)/hours.app/hours";
			};
			name = Release;
		};
		DB1285422143F52100B902DF /* Debug */ = {
			isa = XCBuildConfiguration;
			baseConfigurationReference = B61F970B595F41BE742A8A10 /* Pods-hoursUITests.debug.xcconfig */;
			buildSettings = {
				ALWAYS_EMBED_SWIFT_STANDARD_LIBRARIES = YES;
				CODE_SIGN_STYLE = Automatic;
				DEVELOPMENT_TEAM = JA52596255;
				INFOPLIST_FILE = hoursUITests/Info.plist;
				LD_RUNPATH_SEARCH_PATHS = (
					"$(inherited)",
					"@executable_path/Frameworks",
					"@loader_path/Frameworks",
				);
				PRODUCT_BUNDLE_IDENTIFIER = com.masonmacias.hoursUITests;
				PRODUCT_NAME = "$(TARGET_NAME)";
				SWIFT_VERSION = 4.0;
				TARGETED_DEVICE_FAMILY = "1,2";
				TEST_TARGET_NAME = hours;
			};
			name = Debug;
		};
		DB1285432143F52100B902DF /* Release */ = {
			isa = XCBuildConfiguration;
			baseConfigurationReference = 17A1BDCAE082D3EFA6E55570 /* Pods-hoursUITests.release.xcconfig */;
			buildSettings = {
				ALWAYS_EMBED_SWIFT_STANDARD_LIBRARIES = YES;
				CODE_SIGN_STYLE = Automatic;
				DEVELOPMENT_TEAM = JA52596255;
				INFOPLIST_FILE = hoursUITests/Info.plist;
				LD_RUNPATH_SEARCH_PATHS = (
					"$(inherited)",
					"@executable_path/Frameworks",
					"@loader_path/Frameworks",
				);
				PRODUCT_BUNDLE_IDENTIFIER = com.masonmacias.hoursUITests;
				PRODUCT_NAME = "$(TARGET_NAME)";
				SWIFT_VERSION = 4.0;
				TARGETED_DEVICE_FAMILY = "1,2";
				TEST_TARGET_NAME = hours;
			};
			name = Release;
		};
/* End XCBuildConfiguration section */

/* Begin XCConfigurationList section */
		DB12850B2143F51F00B902DF /* Build configuration list for PBXProject "hours" */ = {
			isa = XCConfigurationList;
			buildConfigurations = (
				DB1285392143F52100B902DF /* Debug */,
				DB12853A2143F52100B902DF /* Release */,
			);
			defaultConfigurationIsVisible = 0;
			defaultConfigurationName = Release;
		};
		DB12853B2143F52100B902DF /* Build configuration list for PBXNativeTarget "hours" */ = {
			isa = XCConfigurationList;
			buildConfigurations = (
				DB12853C2143F52100B902DF /* Debug */,
				DB12853D2143F52100B902DF /* Release */,
			);
			defaultConfigurationIsVisible = 0;
			defaultConfigurationName = Release;
		};
		DB12853E2143F52100B902DF /* Build configuration list for PBXNativeTarget "hoursTests" */ = {
			isa = XCConfigurationList;
			buildConfigurations = (
				DB12853F2143F52100B902DF /* Debug */,
				DB1285402143F52100B902DF /* Release */,
			);
			defaultConfigurationIsVisible = 0;
			defaultConfigurationName = Release;
		};
		DB1285412143F52100B902DF /* Build configuration list for PBXNativeTarget "hoursUITests" */ = {
			isa = XCConfigurationList;
			buildConfigurations = (
				DB1285422143F52100B902DF /* Debug */,
				DB1285432143F52100B902DF /* Release */,
			);
			defaultConfigurationIsVisible = 0;
			defaultConfigurationName = Release;
		};
/* End XCConfigurationList section */

/* Begin XCVersionGroup section */
		DB12851A2143F51F00B902DF /* hours.xcdatamodeld */ = {
			isa = XCVersionGroup;
			children = (
				DB12851B2143F51F00B902DF /* hours.xcdatamodel */,
			);
			currentVersion = DB12851B2143F51F00B902DF /* hours.xcdatamodel */;
			path = hours.xcdatamodeld;
			sourceTree = "<group>";
			versionGroupType = wrapper.xcdatamodel;
		};
/* End XCVersionGroup section */
	};
	rootObject = DB1285082143F51F00B902DF /* Project object */;
}
